
Microsoft Visual Studio Solution File, Format Version 12.00
# Visual Studio Version 16
VisualStudioVersion = 25.0.1706.3
MinimumVisualStudioVersion = 10.0.40219.1
Project("{FAE04EC0-301F-11D3-BF4B-00C04F79EFBC}") = "Week4Loops", "Week4Loops\Week4Loops.csproj", "{0C785041-A886-40B9-A4CF-2E67E77368DC}"
EndProject
Project("{FAE04EC0-301F-11D3-BF4B-00C04F79EFBC}") = "ForLoopSum", "ForLoopSum\ForLoopSum.csproj", "{46082A52-7809-462D-B480-90F979C4D04B}"
EndProject
Project("{FAE04EC0-301F-11D3-BF4B-00C04F79EFBC}") = "RandomNumber", "RandomNumber\RandomNumber.csproj", "{227E8957-BFD4-410A-9C18-C464C3507953}"
EndProject
Project("{FAE04EC0-301F-11D3-BF4B-00C04F79EFBC}") = "WhileLoops", "WhileLoops\WhileLoops.csproj", "{D9D0A8BE-9829-4C9E-80D5-A54343D19954}"
EndProject
Global
	GlobalSection(SolutionConfigurationPlatforms) = preSolution
		Debug|Any CPU = Debug|Any CPU
		Release|Any CPU = Release|Any CPU
	EndGlobalSection
	GlobalSection(ProjectConfigurationPlatforms) = postSolution
		{0C785041-A886-40B9-A4CF-2E67E77368DC}.Debug|Any CPU.ActiveCfg = Debug|Any CPU
		{0C785041-A886-40B9-A4CF-2E67E77368DC}.Debug|Any CPU.Build.0 = Debug|Any CPU
		{0C785041-A886-40B9-A4CF-2E67E77368DC}.Release|Any CPU.ActiveCfg = Release|Any CPU
		{0C785041-A886-40B9-A4CF-2E67E77368DC}.Release|Any CPU.Build.0 = Release|Any CPU
		{46082A52-7809-462D-B480-90F979C4D04B}.Debug|Any CPU.ActiveCfg = Debug|Any CPU
		{46082A52-7809-462D-B480-90F979C4D04B}.Debug|Any CPU.Build.0 = Debug|Any CPU
		{46082A52-7809-462D-B480-90F979C4D04B}.Release|Any CPU.ActiveCfg = Release|Any CPU
		{46082A52-7809-462D-B480-90F979C4D04B}.Release|Any CPU.Build.0 = Release|Any CPU
		{227E8957-BFD4-410A-9C18-C464C3507953}.Debug|Any CPU.ActiveCfg = Debug|Any CPU
		{227E8957-BFD4-410A-9C18-C464C3507953}.Debug|Any CPU.Build.0 = Debug|Any CPU
		{227E8957-BFD4-410A-9C18-C464C3507953}.Release|Any CPU.ActiveCfg = Release|Any CPU
		{227E8957-BFD4-410A-9C18-C464C3507953}.Release|Any CPU.Build.0 = Release|Any CPU
		{D9D0A8BE-9829-4C9E-80D5-A54343D19954}.Debug|Any CPU.ActiveCfg = Debug|Any CPU
		{D9D0A8BE-9829-4C9E-80D5-A54343D19954}.Debug|Any CPU.Build.0 = Debug|Any CPU
		{D9D0A8BE-9829-4C9E-80D5-A54343D19954}.Release|Any CPU.ActiveCfg = Release|Any CPU
		{D9D0A8BE-9829-4C9E-80D5-A54343D19954}.Release|Any CPU.Build.0 = Release|Any CPU
	EndGlobalSection
	GlobalSection(SolutionProperties) = preSolution
		HideSolutionNode = FALSE
	EndGlobalSection
	GlobalSection(ExtensibilityGlobals) = postSolution
		SolutionGuid = {731B7DF4-EE4F-4ECC-8699-54E76F79308F}
	EndGlobalSection
EndGlobal
